github.com/mattn/go-encoding v0.0.2 h1:OC1L+QXLJge9n7yIE3R5Os/UNasUeFvK3Sa4NjbDi6c=
github.com/mattn/go-encoding v0.0.2/go.mod h1:WUNsdPQLK4JYRzkn8IAdmYKFYGGJ4/9YPxdPoMumPgY=
golang.org/x/net v0.0.0-20221014081412-f15817d10f9b h1:tvrvnPFcdzp294diPnrdZZZ8XUt2Tyj7svb7X52iDuU=
golang.org/x/net v0.0.0-20221014081412-f15817d10f9b/go.mod h1:YDH+HFinaLZZlnHAfSS6ZXJJ9M9t4Dl22yv3iI2vPwk=
golang.org/x/text v0.3.8 h1:nAL+RVCQ9uMn3vJZbV+MRnydTJFPf8qqY42YiA6MrqY=
golang.org/x/text v0.3.8/go.mod h1:E6s5w1FMmriuDzIBO73fBruAKo1PCIq6d2Q6DHfQ8WQ=
